
Microsoft Visual Studio Solution File, Format Version 12.00
# Visual Studio Version 17
VisualStudioVersion = 17.14.36203.30
MinimumVisualStudioVersion = 10.0.40219.1
Project("{FAE04EC0-301F-11D3-BF4B-00C04F79EFBC}") = "Project", "Project\Project.csproj", "{EC2D8C76-FDD1-4F49-9899-1E351A198893}"
EndProject
Project("{FAE04EC0-301F-11D3-BF4B-00C04F79EFBC}") = "ProjectView", "..\..\..\..\..\..\OneDrive\Desktop\Summer25\PRN232\tài liệu prn\WebApplication1\WebApplication1\ProjectView.csproj", "{C434AEBD-A291-F5DC-0CC6-6C1FA9A2BFCD}"
EndProject
Global
	GlobalSection(SolutionConfigurationPlatforms) = preSolution
		Debug|Any CPU = Debug|Any CPU
		Release|Any CPU = Release|Any CPU
	EndGlobalSection
	GlobalSection(ProjectConfigurationPlatforms) = postSolution
		{EC2D8C76-FDD1-4F49-9899-1E351A198893}.Debug|Any CPU.ActiveCfg = Debug|Any CPU
		{EC2D8C76-FDD1-4F49-9899-1E351A198893}.Debug|Any CPU.Build.0 = Debug|Any CPU
		{EC2D8C76-FDD1-4F49-9899-1E351A198893}.Release|Any CPU.ActiveCfg = Release|Any CPU
		{EC2D8C76-FDD1-4F49-9899-1E351A198893}.Release|Any CPU.Build.0 = Release|Any CPU
		{C434AEBD-A291-F5DC-0CC6-6C1FA9A2BFCD}.Debug|Any CPU.ActiveCfg = Debug|Any CPU
		{C434AEBD-A291-F5DC-0CC6-6C1FA9A2BFCD}.Debug|Any CPU.Build.0 = Debug|Any CPU
		{C434AEBD-A291-F5DC-0CC6-6C1FA9A2BFCD}.Release|Any CPU.ActiveCfg = Release|Any CPU
		{C434AEBD-A291-F5DC-0CC6-6C1FA9A2BFCD}.Release|Any CPU.Build.0 = Release|Any CPU
	EndGlobalSection
	GlobalSection(SolutionProperties) = preSolution
		HideSolutionNode = FALSE
	EndGlobalSection
	GlobalSection(ExtensibilityGlobals) = postSolution
		SolutionGuid = {BB5D0F07-E500-4907-86ED-0B01E6DADCA2}
	EndGlobalSection
EndGlobal
