
Microsoft Visual Studio Solution File, Format Version 12.00
# Visual Studio Version 17
VisualStudioVersion = 17.14.36203.30
MinimumVisualStudioVersion = 10.0.40219.1
Project("{9A19103F-16F7-4668-BE54-9A1E7A4F7556}") = "Project", "Project\Project.csproj", "{EC2D8C76-FDD1-4F49-9899-1E351A198893}"
EndProject
Project("{FAE04EC0-301F-11D3-BF4B-00C04F79EFBC}") = "WebApplication1", "WebApplication1\WebApplication1.csproj", "{1139E486-A36B-6B58-4965-3753D45010A4}"
EndProject
Project("{FAE04EC0-301F-11D3-BF4B-00C04F79EFBC}") = "ProjectView", "ProjectView\ProjectView.csproj", "{DAB577FC-4BB5-9DF9-72F2-9993D952BDDE}"
EndProject
Global
	GlobalSection(SolutionConfigurationPlatforms) = preSolution
		Debug|Any CPU = Debug|Any CPU
		Release|Any CPU = Release|Any CPU
	EndGlobalSection
	GlobalSection(ProjectConfigurationPlatforms) = postSolution
		{EC2D8C76-FDD1-4F49-9899-1E351A198893}.Debug|Any CPU.ActiveCfg = Debug|Any CPU
		{EC2D8C76-FDD1-4F49-9899-1E351A198893}.Debug|Any CPU.Build.0 = Debug|Any CPU
		{EC2D8C76-FDD1-4F49-9899-1E351A198893}.Release|Any CPU.ActiveCfg = Release|Any CPU
		{EC2D8C76-FDD1-4F49-9899-1E351A198893}.Release|Any CPU.Build.0 = Release|Any CPU
		{1139E486-A36B-6B58-4965-3753D45010A4}.Debug|Any CPU.ActiveCfg = Debug|Any CPU
		{1139E486-A36B-6B58-4965-3753D45010A4}.Debug|Any CPU.Build.0 = Debug|Any CPU
		{1139E486-A36B-6B58-4965-3753D45010A4}.Release|Any CPU.ActiveCfg = Release|Any CPU
		{1139E486-A36B-6B58-4965-3753D45010A4}.Release|Any CPU.Build.0 = Release|Any CPU
		{DAB577FC-4BB5-9DF9-72F2-9993D952BDDE}.Debug|Any CPU.ActiveCfg = Debug|Any CPU
		{DAB577FC-4BB5-9DF9-72F2-9993D952BDDE}.Debug|Any CPU.Build.0 = Debug|Any CPU
		{DAB577FC-4BB5-9DF9-72F2-9993D952BDDE}.Release|Any CPU.ActiveCfg = Release|Any CPU
		{DAB577FC-4BB5-9DF9-72F2-9993D952BDDE}.Release|Any CPU.Build.0 = Release|Any CPU
	EndGlobalSection
	GlobalSection(SolutionProperties) = preSolution
		HideSolutionNode = FALSE
	EndGlobalSection
	GlobalSection(ExtensibilityGlobals) = postSolution
		SolutionGuid = {BB5D0F07-E500-4907-86ED-0B01E6DADCA2}
	EndGlobalSection
EndGlobal
